
Microsoft Visual Studio Solution File, Format Version 10.00
# Visual Studio 2008
Project("{8BC9CEB8-8B4A-11D0-8D11-00A0C91BC942}") = "CraftBoxHelper", "CraftBoxHelper\CraftBoxHelper.vcproj", "{7D17D0BD-6920-4BFC-AA94-39C6E78E23AE}"
EndProject
Global
	GlobalSection(SolutionConfigurationPlatforms) = preSolution
		Debug|Win32 = Debug|Win32
		Release|Win32 = Release|Win32
	EndGlobalSection
	GlobalSection(ProjectConfigurationPlatforms) = postSolution
		{7D17D0BD-6920-4BFC-AA94-39C6E78E23AE}.Debug|Win32.ActiveCfg = Debug|Win32
		{7D17D0BD-6920-4BFC-AA94-39C6E78E23AE}.Debug|Win32.Build.0 = Debug|Win32
		{7D17D0BD-6920-4BFC-AA94-39C6E78E23AE}.Release|Win32.ActiveCfg = Release|Win32
		{7D17D0BD-6920-4BFC-AA94-39C6E78E23AE}.Release|Win32.Build.0 = Release|Win32
	EndGlobalSection
	GlobalSection(SolutionProperties) = preSolution
		HideSolutionNode = FALSE
	EndGlobalSection
EndGlobal
